
Microsoft Visual Studio Solution File, Format Version 12.00
# Visual Studio Version 17
VisualStudioVersion = 17.12.35424.110
MinimumVisualStudioVersion = 10.0.40219.1
Project("{2150E333-8FDC-42A3-9474-1A3956D46DE8}") = "src", "src", "{C3D4E079-2B67-49AB-9952-82035B06D8A4}"
EndProject
Project("{2150E333-8FDC-42A3-9474-1A3956D46DE8}") = "tests", "tests", "{D6A3B106-0111-480D-B3C1-51244482633B}"
EndProject
Project("{2150E333-8FDC-42A3-9474-1A3956D46DE8}") = "Solution Items", "Solution Items", "{F9400C50-4AB4-4BF4-9759-0AC32B996FBE}"
	ProjectSection(SolutionItems) = preProject
		.gitignore = .gitignore
	EndProjectSection
EndProject
Project("{FAE04EC0-301F-11D3-BF4B-00C04F79EFBC}") = "SourceGeneratorLibrary.Api", "SourceGeneratorLibrary.Api\SourceGeneratorLibrary.Api.csproj", "{D6F73D8B-6084-4222-B5D9-B983C298681F}"
EndProject
Project("{FAE04EC0-301F-11D3-BF4B-00C04F79EFBC}") = "SourceGeneratorLibrary", "SourceGeneratorLibrary\SourceGeneratorLibrary.csproj", "{2E3E9B12-F829-4EAC-8062-D9DE27677EE7}"
EndProject
Project("{FAE04EC0-301F-11D3-BF4B-00C04F79EFBC}") = "SampleDataGeneration.Api", "SampleDataGeneration.Api\SampleDataGeneration.Api.csproj", "{1E374D37-26C7-482A-86ED-664A5EB71052}"
EndProject
Global
	GlobalSection(SolutionConfigurationPlatforms) = preSolution
		Debug|Any CPU = Debug|Any CPU
		Release|Any CPU = Release|Any CPU
	EndGlobalSection
	GlobalSection(ProjectConfigurationPlatforms) = postSolution
		{D6F73D8B-6084-4222-B5D9-B983C298681F}.Debug|Any CPU.ActiveCfg = Debug|Any CPU
		{D6F73D8B-6084-4222-B5D9-B983C298681F}.Debug|Any CPU.Build.0 = Debug|Any CPU
		{D6F73D8B-6084-4222-B5D9-B983C298681F}.Release|Any CPU.ActiveCfg = Release|Any CPU
		{D6F73D8B-6084-4222-B5D9-B983C298681F}.Release|Any CPU.Build.0 = Release|Any CPU
		{2E3E9B12-F829-4EAC-8062-D9DE27677EE7}.Debug|Any CPU.ActiveCfg = Debug|Any CPU
		{2E3E9B12-F829-4EAC-8062-D9DE27677EE7}.Debug|Any CPU.Build.0 = Debug|Any CPU
		{2E3E9B12-F829-4EAC-8062-D9DE27677EE7}.Release|Any CPU.ActiveCfg = Release|Any CPU
		{2E3E9B12-F829-4EAC-8062-D9DE27677EE7}.Release|Any CPU.Build.0 = Release|Any CPU
		{1E374D37-26C7-482A-86ED-664A5EB71052}.Debug|Any CPU.ActiveCfg = Debug|Any CPU
		{1E374D37-26C7-482A-86ED-664A5EB71052}.Debug|Any CPU.Build.0 = Debug|Any CPU
		{1E374D37-26C7-482A-86ED-664A5EB71052}.Release|Any CPU.ActiveCfg = Release|Any CPU
		{1E374D37-26C7-482A-86ED-664A5EB71052}.Release|Any CPU.Build.0 = Release|Any CPU
	EndGlobalSection
	GlobalSection(SolutionProperties) = preSolution
		HideSolutionNode = FALSE
	EndGlobalSection
	GlobalSection(NestedProjects) = preSolution
		{D6F73D8B-6084-4222-B5D9-B983C298681F} = {C3D4E079-2B67-49AB-9952-82035B06D8A4}
		{2E3E9B12-F829-4EAC-8062-D9DE27677EE7} = {C3D4E079-2B67-49AB-9952-82035B06D8A4}
		{1E374D37-26C7-482A-86ED-664A5EB71052} = {C3D4E079-2B67-49AB-9952-82035B06D8A4}
	EndGlobalSection
EndGlobal
